
Microsoft Visual Studio Solution File, Format Version 12.00
# Visual Studio Version 17
VisualStudioVersion = 17.5.33424.131
MinimumVisualStudioVersion = 10.0.40219.1
Project("{FAE04EC0-301F-11D3-BF4B-00C04F79EFBC}") = "LibraryManagement", "LibraryManagement.csproj", "{FD953B66-91BC-44D8-B7A2-7970B7ADE768}"
EndProject
Global
	GlobalSection(SolutionConfigurationPlatforms) = preSolution
		Debug|Any CPU = Debug|Any CPU
		Release|Any CPU = Release|Any CPU
	EndGlobalSection
	GlobalSection(ProjectConfigurationPlatforms) = postSolution
		{FD953B66-91BC-44D8-B7A2-7970B7ADE768}.Debug|Any CPU.ActiveCfg = Debug|Any CPU
		{FD953B66-91BC-44D8-B7A2-7970B7ADE768}.Debug|Any CPU.Build.0 = Debug|Any CPU
		{FD953B66-91BC-44D8-B7A2-7970B7ADE768}.Release|Any CPU.ActiveCfg = Release|Any CPU
		{FD953B66-91BC-44D8-B7A2-7970B7ADE768}.Release|Any CPU.Build.0 = Release|Any CPU
	EndGlobalSection
	GlobalSection(SolutionProperties) = preSolution
		HideSolutionNode = FALSE
	EndGlobalSection
	GlobalSection(ExtensibilityGlobals) = postSolution
		SolutionGuid = {7513F949-FF39-4012-BAB7-05507EBDB7A8}
	EndGlobalSection
EndGlobal
